// !$*UTF8*$!
{
	archiveVersion = 1;
	classes = {
	};
	objectVersion = 50;
	objects = {

/* Begin PBXBuildFile section */
		703164022356E389001D89BA /* Extensions.swift in Sources */ = {isa = PBXBuildFile; fileRef = 703164012356E389001D89BA /* Extensions.swift */; };
		703DB162234E910B00CECD86 /* AppDelegate.swift in Sources */ = {isa = PBXBuildFile; fileRef = 703DB161234E910B00CECD86 /* AppDelegate.swift */; };
		703DB164234E910B00CECD86 /* SceneDelegate.swift in Sources */ = {isa = PBXBuildFile; fileRef = 703DB163234E910B00CECD86 /* SceneDelegate.swift */; };
		703DB166234E910B00CECD86 /* ViewController.swift in Sources */ = {isa = PBXBuildFile; fileRef = 703DB165234E910B00CECD86 /* ViewController.swift */; };
		703DB169234E910B00CECD86 /* Main.storyboard in Resources */ = {isa = PBXBuildFile; fileRef = 703DB167234E910B00CECD86 /* Main.storyboard */; };
		703DB16B234E910E00CECD86 /* Assets.xcassets in Resources */ = {isa = PBXBuildFile; fileRef = 703DB16A234E910E00CECD86 /* Assets.xcassets */; };
		703DB16E234E910E00CECD86 /* LaunchScreen.storyboard in Resources */ = {isa = PBXBuildFile; fileRef = 703DB16C234E910E00CECD86 /* LaunchScreen.storyboard */; };
/* End PBXBuildFile section */

/* Begin PBXFileReference section */
		703164012356E389001D89BA /* Extensions.swift */ = {isa = PBXFileReference; lastKnownFileType = sourcecode.swift; path = Extensions.swift; sourceTree = "<group>"; };
		703DB15E234E910B00CECD86 /* loadingImageViews.app */ = {isa = PBXFileReference; explicitFileType = wrapper.application; includeInIndex = 0; path = loadingImageViews.app; sourceTree = BUILT_PRODUCTS_DIR; };
		703DB161234E910B00CECD86 /* AppDelegate.swift */ = {isa = PBXFileReference; lastKnownFileType = sourcecode.swift; path = AppDelegate.swift; sourceTree = "<group>"; };
		703DB163234E910B00CECD86 /* SceneDelegate.swift */ = {isa = PBXFileReference; lastKnownFileType = sourcecode.swift; path = SceneDelegate.swift; sourceTree = "<group>"; };
		703DB165234E910B00CECD86 /* ViewController.swift */ = {isa = PBXFileReference; lastKnownFileType = sourcecode.swift; path = ViewController.swift; sourceTree = "<group>"; };
		703DB168234E910B00CECD86 /* Base */ = {isa = PBXFileReference; lastKnownFileType = file.storyboard; name = Base; path = Base.lproj/Main.storyboard; sourceTree = "<group>"; };
		703DB16A234E910E00CECD86 /* Assets.xcassets */ = {isa = PBXFileReference; lastKnownFileType = folder.assetcatalog; path = Assets.xcassets; sourceTree = "<group>"; };
		703DB16D234E910E00CECD86 /* Base */ = {isa = PBXFileReference; lastKnownFileType = file.storyboard; name = Base; path = Base.lproj/LaunchScreen.storyboard; sourceTree = "<group>"; };
		703DB16F234E910E00CECD86 /* Info.plist */ = {isa = PBXFileReference; lastKnownFileType = text.plist.xml; path = Info.plist; sourceTree = "<group>"; };
/* End PBXFileReference section */

/* Begin PBXFrameworksBuildPhase section */
		703DB15B234E910B00CECD86 /* Frameworks */ = {
			isa = PBXFrameworksBuildPhase;
			buildActionMask = 2147483647;
			files = (
			);
			runOnlyForDeploymentPostprocessing = 0;
		};
/* End PBXFrameworksBuildPhase section */

/* Begin PBXGroup section */
		703DB155234E910A00CECD86 = {
			isa = PBXGroup;
			children = (
				703DB160234E910B00CECD86 /* loadingImageViews */,
				703DB15F234E910B00CECD86 /* Products */,
			);
			sourceTree = "<group>";
		};
		703DB15F234E910B00CECD86 /* Products */ = {
			isa = PBXGroup;
			children = (
				703DB15E234E910B00CECD86 /* loadingImageViews.app */,
			);
			name = Products;
			sourceTree = "<group>";
		};
		703DB160234E910B00CECD86 /* loadingImageViews */ = {
			isa = PBXGroup;
			children = (
				703164012356E389001D89BA /* Extensions.swift */,
				703DB161234E910B00CECD86 /* AppDelegate.swift */,
				703DB163234E910B00CECD86 /* SceneDelegate.swift */,
				703DB165234E910B00CECD86 /* ViewController.swift */,
				703DB167234E910B00CECD86 /* Main.storyboard */,
				703DB16A234E910E00CECD86 /* Assets.xcassets */,
				703DB16C234E910E00CECD86 /* LaunchScreen.storyboard */,
				703DB16F234E910E00CECD86 /* Info.plist */,
			);
			path = loadingImageViews;
			sourceTree = "<group>";
		};
/* End PBXGroup section */

/* Begin PBXNativeTarget section */
		703DB15D234E910B00CECD86 /* loadingImageViews */ = {
			isa = PBXNativeTarget;
			buildConfigurationList = 703DB172234E910E00CECD86 /* Build configuration list for PBXNativeTarget "loadingImageViews" */;
			buildPhases = (
				703DB15A234E910B00CECD86 /* Sources */,
				703DB15B234E910B00CECD86 /* Frameworks */,
				703DB15C234E910B00CECD86 /* Resources */,
			);
			buildRules = (
			);
			dependencies = (
			);
			name = loadingImageViews;
			productName = loadingImageViews;
			productReference = 703DB15E234E910B00CECD86 /* loadingImageViews.app */;
			productType = "com.apple.product-type.application";
		};
/* End PBXNativeTarget section */

/* Begin PBXProject section */
		703DB156234E910A00CECD86 /* Project object */ = {
			isa = PBXProject;
			attributes = {
				LastSwiftUpdateCheck = 1110;
				LastUpgradeCheck = 1110;
				ORGANIZATIONNAME = Marlhex;
				TargetAttributes = {
					703DB15D234E910B00CECD86 = {
						CreatedOnToolsVersion = 11.1;
					};
				};
			};
			buildConfigurationList = 703DB159234E910A00CECD86 /* Build configuration list for PBXProject "loadingImageViews" */;
			compatibilityVersion = "Xcode 9.3";
			developmentRegion = en;
			hasScannedForEncodings = 0;
			knownRegions = (
				en,
				Base,
			);
			mainGroup = 703DB155234E910A00CECD86;
			productRefGroup = 703DB15F234E910B00CECD86 /* Products */;
			projectDirPath = "";
			projectRoot = "";
			targets = (
				703DB15D234E910B00CECD86 /* loadingImageViews */,
			);
		};
/* End PBXProject section */

/* Begin PBXResourcesBuildPhase section */
		703DB15C234E910B00CECD86 /* Resources */ = {
			isa = PBXResourcesBuildPhase;
			buildActionMask = 2147483647;
			files = (
				703DB16E234E910E00CECD86 /* LaunchScreen.storyboard in Resources */,
				703DB16B234E910E00CECD86 /* Assets.xcassets in Resources */,
				703DB169234E910B00CECD86 /* Main.storyboard in Resources */,
			);
			runOnlyForDeploymentPostprocessing = 0;
		};
/* End PBXResourcesBuildPhase section */

/* Begin PBXSourcesBuildPhase section */
		703DB15A234E910B00CECD86 /* Sources */ = {
			isa = PBXSourcesBuildPhase;
			buildActionMask = 2147483647;
			files = (
				703DB166234E910B00CECD86 /* ViewController.swift in Sources */,
				703DB162234E910B00CECD86 /* AppDelegate.swift in Sources */,
				703DB164234E910B00CECD86 /* SceneDelegate.swift in Sources */,
				703164022356E389001D89BA /* Extensions.swift in Sources */,
			);
			runOnlyForDeploymentPostprocessing = 0;
		};
/* End PBXSourcesBuildPhase section */

/* Begin PBXVariantGroup section */
		703DB167234E910B00CECD86 /* Main.storyboard */ = {
			isa = PBXVariantGroup;
			children = (
				703DB168234E910B00CECD86 /* Base */,
			);
			name = Main.storyboard;
			sourceTree = "<group>";
		};
		703DB16C234E910E00CECD86 /* LaunchScreen.storyboard */ = {
			isa = PBXVariantGroup;
			children = (
				703DB16D234E910E00CECD86 /* Base */,
			);
			name = LaunchScreen.storyboard;
			sourceTree = "<group>";
		};
/* End PBXVariantGroup section */

/* Begin XCBuildConfiguration section */
		703DB170234E910E00CECD86 /* Debug */ = {
			isa = XCBuildConfiguration;
			buildSettings = {
				ALWAYS_SEARCH_USER_PATHS = NO;
				CLANG_ANALYZER_NONNULL = YES;
				CLANG_ANALYZER_NUMBER_OBJECT_CONVERSION = YES_AGGRESSIVE;
				CLANG_CXX_LANGUAGE_STANDARD = "gnu++14";
				CLANG_CXX_LIBRARY = "libc++";
				CLANG_ENABLE_MODULES = YES;
				CLANG_ENABLE_OBJC_ARC = YES;
				CLANG_ENABLE_OBJC_WEAK = YES;
				CLANG_WARN_BLOCK_CAPTURE_AUTORELEASING = YES;
				CLANG_WARN_BOOL_CONVERSION = YES;
				CLANG_WARN_COMMA = YES;
				CLANG_WARN_CONSTANT_CONVERSION = YES;
				CLANG_WARN_DEPRECATED_OBJC_IMPLEMENTATIONS = YES;
				CLANG_WARN_DIRECT_OBJC_ISA_USAGE = YES_ERROR;
				CLANG_WARN_DOCUMENTATION_COMMENTS = YES;
				CLANG_WARN_EMPTY_BODY = YES;
				CLANG_WARN_ENUM_CONVERSION = YES;
				CLANG_WARN_INFINITE_RECURSION = YES;
				CLANG_WARN_INT_CONVERSION = YES;
				CLANG_WARN_NON_LITERAL_NULL_CONVERSION = YES;
				CLANG_WARN_OBJC_IMPLICIT_RETAIN_SELF = YES;
				CLANG_WARN_OBJC_LITERAL_CONVERSION = YES;
				CLANG_WARN_OBJC_ROOT_CLASS = YES_ERROR;
				CLANG_WARN_RANGE_LOOP_ANALYSIS = YES;
				CLANG_WARN_STRICT_PROTOTYPES = YES;
				CLANG_WARN_SUSPICIOUS_MOVE = YES;
				CLANG_WARN_UNGUARDED_AVAILABILITY = YES_AGGRESSIVE;
				CLANG_WARN_UNREACHABLE_CODE = YES;
				CLANG_WARN__DUPLICATE_METHOD_MATCH = YES;
				COPY_PHASE_STRIP = NO;
				DEBUG_INFORMATION_FORMAT = dwarf;
				ENABLE_STRICT_OBJC_MSGSEND = YES;
				ENABLE_TESTABILITY = YES;
				GCC_C_LANGUAGE_STANDARD = gnu11;
				GCC_DYNAMIC_NO_PIC = NO;
				GCC_NO_COMMON_BLOCKS = YES;
				GCC_OPTIMIZATION_LEVEL = 0;
				GCC_PREPROCESSOR_DEFINITIONS = (
					"DEBUG=1",
					"$(inherited)",
				);
				GCC_WARN_64_TO_32_BIT_CONVERSION = YES;
				GCC_WARN_ABOUT_RETURN_TYPE = YES_ERROR;
				GCC_WARN_UNDECLARED_SELECTOR = YES;
				GCC_WARN_UNINITIALIZED_AUTOS = YES_AGGRESSIVE;
				GCC_WARN_UNUSED_FUNCTION = YES;
				GCC_WARN_UNUSED_VARIABLE = YES;
				IPHONEOS_DEPLOYMENT_TARGET = 13.1;
				MTL_ENABLE_DEBUG_INFO = INCLUDE_SOURCE;
				MTL_FAST_MATH = YES;
				ONLY_ACTIVE_ARCH = YES;
				SDKROOT = iphoneos;
				SWIFT_ACTIVE_COMPILATION_CONDITIONS = DEBUG;
				SWIFT_OPTIMIZATION_LEVEL = "-Onone";
			};
			name = Debug;
		};
		703DB171234E910E00CECD86 /* Release */ = {
			isa = XCBuildConfiguration;
			buildSettings = {
				ALWAYS_SEARCH_USER_PATHS = NO;
				CLANG_ANALYZER_NONNULL = YES;
				CLANG_ANALYZER_NUMBER_OBJECT_CONVERSION = YES_AGGRESSIVE;
				CLANG_CXX_LANGUAGE_STANDARD = "gnu++14";
				CLANG_CXX_LIBRARY = "libc++";
				CLANG_ENABLE_MODULES = YES;
				CLANG_ENABLE_OBJC_ARC = YES;
				CLANG_ENABLE_OBJC_WEAK = YES;
				CLANG_WARN_BLOCK_CAPTURE_AUTORELEASING = YES;
				CLANG_WARN_BOOL_CONVERSION = YES;
				CLANG_WARN_COMMA = YES;
				CLANG_WARN_CONSTANT_CONVERSION = YES;
				CLANG_WARN_DEPRECATED_OBJC_IMPLEMENTATIONS = YES;
				CLANG_WARN_DIRECT_OBJC_ISA_USAGE = YES_ERROR;
				CLANG_WARN_DOCUMENTATION_COMMENTS = YES;
				CLANG_WARN_EMPTY_BODY = YES;
				CLANG_WARN_ENUM_CONVERSION = YES;
				CLANG_WARN_INFINITE_RECURSION = YES;
				CLANG_WARN_INT_CONVERSION = YES;
				CLANG_WARN_NON_LITERAL_NULL_CONVERSION = YES;
				CLANG_WARN_OBJC_IMPLICIT_RETAIN_SELF = YES;
				CLANG_WARN_OBJC_LITERAL_CONVERSION = YES;
				CLANG_WARN_OBJC_ROOT_CLASS = YES_ERROR;
				CLANG_WARN_RANGE_LOOP_ANALYSIS = YES;
				CLANG_WARN_STRICT_PROTOTYPES = YES;
				CLANG_WARN_SUSPICIOUS_MOVE = YES;
				CLANG_WARN_UNGUARDED_AVAILABILITY = YES_AGGRESSIVE;
				CLANG_WARN_UNREACHABLE_CODE = YES;
				CLANG_WARN__DUPLICATE_METHOD_MATCH = YES;
				COPY_PHASE_STRIP = NO;
				DEBUG_INFORMATION_FORMAT = "dwarf-with-dsym";
				ENABLE_NS_ASSERTIONS = NO;
				ENABLE_STRICT_OBJC_MSGSEND = YES;
				GCC_C_LANGUAGE_STANDARD = gnu11;
				GCC_NO_COMMON_BLOCKS = YES;
				GCC_WARN_64_TO_32_BIT_CONVERSION = YES;
				GCC_WARN_ABOUT_RETURN_TYPE = YES_ERROR;
				GCC_WARN_UNDECLARED_SELECTOR = YES;
				GCC_WARN_UNINITIALIZED_AUTOS = YES_AGGRESSIVE;
				GCC_WARN_UNUSED_FUNCTION = YES;
				GCC_WARN_UNUSED_VARIABLE = YES;
				IPHONEOS_DEPLOYMENT_TARGET = 13.1;
				MTL_ENABLE_DEBUG_INFO = NO;
				MTL_FAST_MATH = YES;
				SDKROOT = iphoneos;
				SWIFT_COMPILATION_MODE = wholemodule;
				SWIFT_OPTIMIZATION_LEVEL = "-O";
				VALIDATE_PRODUCT = YES;
			};
			name = Release;
		};
		703DB173234E910E00CECD86 /* Debug */ = {
			isa = XCBuildConfiguration;
			buildSettings = {
				ASSETCATALOG_COMPILER_APPICON_NAME = AppIcon;
				CODE_SIGN_STYLE = Automatic;
				DEVELOPMENT_TEAM = 8N2TVY9NM7;
				INFOPLIST_FILE = loadingImageViews/Info.plist;
				LD_RUNPATH_SEARCH_PATHS = (
					"$(inherited)",
					"@executable_path/Frameworks",
				);
				PRODUCT_BUNDLE_IDENTIFIER = com.loadingImageViews;
				PRODUCT_NAME = "$(TARGET_NAME)";
				SWIFT_VERSION = 5.0;
				TARGETED_DEVICE_FAMILY = "1,2";
			};
			name = Debug;
		};
		703DB174234E910E00CECD86 /* Release */ = {
			isa = XCBuildConfiguration;
			buildSettings = {
				ASSETCATALOG_COMPILER_APPICON_NAME = AppIcon;
				CODE_SIGN_STYLE = Automatic;
				DEVELOPMENT_TEAM = 8N2TVY9NM7;
				INFOPLIST_FILE = loadingImageViews/Info.plist;
				LD_RUNPATH_SEARCH_PATHS = (
					"$(inherited)",
					"@executable_path/Frameworks",
				);
				PRODUCT_BUNDLE_IDENTIFIER = com.loadingImageViews;
				PRODUCT_NAME = "$(TARGET_NAME)";
				SWIFT_VERSION = 5.0;
				TARGETED_DEVICE_FAMILY = "1,2";
			};
			name = Release;
		};
/* End XCBuildConfiguration section */

/* Begin XCConfigurationList section */
		703DB159234E910A00CECD86 /* Build configuration list for PBXProject "loadingImageViews" */ = {
			isa = XCConfigurationList;
			buildConfigurations = (
				703DB170234E910E00CECD86 /* Debug */,
				703DB171234E910E00CECD86 /* Release */,
			);
			defaultConfigurationIsVisible = 0;
			defaultConfigurationName = Release;
		};
		703DB172234E910E00CECD86 /* Build configuration list for PBXNativeTarget "loadingImageViews" */ = {
			isa = XCConfigurationList;
			buildConfigurations = (
				703DB173234E910E00CECD86 /* Debug */,
				703DB174234E910E00CECD86 /* Release */,
			);
			defaultConfigurationIsVisible = 0;
			defaultConfigurationName = Release;
		};
/* End XCConfigurationList section */
	};
	rootObject = 703DB156234E910A00CECD86 /* Project object */;
}
